// !$*UTF8*$!
{
	archiveVersion = 1;
	classes = {
	};
	objectVersion = 46;
	objects = {

/* Begin PBXBuildFile section */
		922F43361CA37CF800955B33 /* PopcornTorrent.h in Headers */ = {isa = PBXBuildFile; fileRef = 922F43351CA37CF800955B33 /* PopcornTorrent.h */; settings = {ATTRIBUTES = (Public, ); }; };
		922F433D1CA37CF800955B33 /* PopcornTorrent.framework in Frameworks */ = {isa = PBXBuildFile; fileRef = 922F43321CA37CF800955B33 /* PopcornTorrent.framework */; };
		922F43421CA37CF800955B33 /* PopcornTorrentTests.m in Sources */ = {isa = PBXBuildFile; fileRef = 922F43411CA37CF800955B33 /* PopcornTorrentTests.m */; };
		922F43581CA37E5100955B33 /* libboost_filesystem.a in Frameworks */ = {isa = PBXBuildFile; fileRef = 922F43571CA37E4B00955B33 /* libboost_filesystem.a */; };
		922F43651CA37E6400955B33 /* libboost_system.a in Frameworks */ = {isa = PBXBuildFile; fileRef = 922F43641CA37E6000955B33 /* libboost_system.a */; };
		922F436C1CA37E6D00955B33 /* libtorrent.a in Frameworks */ = {isa = PBXBuildFile; fileRef = 922F436B1CA37E6800955B33 /* libtorrent.a */; };
		922F438E1CA37EA100955B33 /* Common.xcconfig in Resources */ = {isa = PBXBuildFile; fileRef = 922F436F1CA37EA100955B33 /* Common.xcconfig */; };
		922F438F1CA37EA100955B33 /* Debug.xcconfig in Resources */ = {isa = PBXBuildFile; fileRef = 922F43711CA37EA100955B33 /* Debug.xcconfig */; };
		922F43901CA37EA100955B33 /* Profile.xcconfig in Resources */ = {isa = PBXBuildFile; fileRef = 922F43721CA37EA100955B33 /* Profile.xcconfig */; };
		922F43911CA37EA100955B33 /* Release.xcconfig in Resources */ = {isa = PBXBuildFile; fileRef = 922F43731CA37EA100955B33 /* Release.xcconfig */; };
		922F43921CA37EA100955B33 /* Test.xcconfig in Resources */ = {isa = PBXBuildFile; fileRef = 922F43741CA37EA100955B33 /* Test.xcconfig */; };
		922F43931CA37EA100955B33 /* Application.xcconfig in Resources */ = {isa = PBXBuildFile; fileRef = 922F43761CA37EA100955B33 /* Application.xcconfig */; };
		922F43941CA37EA100955B33 /* Framework.xcconfig in Resources */ = {isa = PBXBuildFile; fileRef = 922F43771CA37EA100955B33 /* Framework.xcconfig */; };
		922F43951CA37EA100955B33 /* StaticLibrary.xcconfig in Resources */ = {isa = PBXBuildFile; fileRef = 922F43781CA37EA100955B33 /* StaticLibrary.xcconfig */; };
		922F43961CA37EA100955B33 /* iOS-Application.xcconfig in Resources */ = {isa = PBXBuildFile; fileRef = 922F437A1CA37EA100955B33 /* iOS-Application.xcconfig */; };
		922F43971CA37EA100955B33 /* iOS-Base.xcconfig in Resources */ = {isa = PBXBuildFile; fileRef = 922F437B1CA37EA100955B33 /* iOS-Base.xcconfig */; };
		922F43981CA37EA100955B33 /* iOS-Framework.xcconfig in Resources */ = {isa = PBXBuildFile; fileRef = 922F437C1CA37EA100955B33 /* iOS-Framework.xcconfig */; };
		922F43991CA37EA100955B33 /* iOS-StaticLibrary.xcconfig in Resources */ = {isa = PBXBuildFile; fileRef = 922F437D1CA37EA100955B33 /* iOS-StaticLibrary.xcconfig */; };
		922F439A1CA37EA100955B33 /* Mac-Application.xcconfig in Resources */ = {isa = PBXBuildFile; fileRef = 922F437F1CA37EA100955B33 /* Mac-Application.xcconfig */; };
		922F439B1CA37EA100955B33 /* Mac-Base.xcconfig in Resources */ = {isa = PBXBuildFile; fileRef = 922F43801CA37EA100955B33 /* Mac-Base.xcconfig */; };
		922F439C1CA37EA100955B33 /* Mac-DynamicLibrary.xcconfig in Resources */ = {isa = PBXBuildFile; fileRef = 922F43811CA37EA100955B33 /* Mac-DynamicLibrary.xcconfig */; };
		922F439D1CA37EA100955B33 /* Mac-Framework.xcconfig in Resources */ = {isa = PBXBuildFile; fileRef = 922F43821CA37EA100955B33 /* Mac-Framework.xcconfig */; };
		922F439E1CA37EA100955B33 /* Mac-StaticLibrary.xcconfig in Resources */ = {isa = PBXBuildFile; fileRef = 922F43831CA37EA100955B33 /* Mac-StaticLibrary.xcconfig */; };
		922F439F1CA37EA100955B33 /* tvOS-Application.xcconfig in Resources */ = {isa = PBXBuildFile; fileRef = 922F43851CA37EA100955B33 /* tvOS-Application.xcconfig */; };
		922F43A01CA37EA100955B33 /* tvOS-Base.xcconfig in Resources */ = {isa = PBXBuildFile; fileRef = 922F43861CA37EA100955B33 /* tvOS-Base.xcconfig */; };
		922F43A11CA37EA100955B33 /* tvOS-Framework.xcconfig in Resources */ = {isa = PBXBuildFile; fileRef = 922F43871CA37EA100955B33 /* tvOS-Framework.xcconfig */; };
		922F43A21CA37EA100955B33 /* tvOS-StaticLibrary.xcconfig in Resources */ = {isa = PBXBuildFile; fileRef = 922F43881CA37EA100955B33 /* tvOS-StaticLibrary.xcconfig */; };
		922F43A31CA37EA100955B33 /* watchOS-Application.xcconfig in Resources */ = {isa = PBXBuildFile; fileRef = 922F438A1CA37EA100955B33 /* watchOS-Application.xcconfig */; };
		922F43A41CA37EA100955B33 /* watchOS-Base.xcconfig in Resources */ = {isa = PBXBuildFile; fileRef = 922F438B1CA37EA100955B33 /* watchOS-Base.xcconfig */; };
		922F43A51CA37EA100955B33 /* watchOS-Framework.xcconfig in Resources */ = {isa = PBXBuildFile; fileRef = 922F438C1CA37EA100955B33 /* watchOS-Framework.xcconfig */; };
		922F43A61CA37EA100955B33 /* watchOS-StaticLibrary.xcconfig in Resources */ = {isa = PBXBuildFile; fileRef = 922F438D1CA37EA100955B33 /* watchOS-StaticLibrary.xcconfig */; };
		922F43B01CA37F0200955B33 /* PTTorrentStreamer.h in Headers */ = {isa = PBXBuildFile; fileRef = 922F43A91CA37F0200955B33 /* PTTorrentStreamer.h */; settings = {ATTRIBUTES = (Public, ); }; };
		922F43B11CA37F0200955B33 /* PTTorrentStreamer.mm in Sources */ = {isa = PBXBuildFile; fileRef = 922F43AA1CA37F0200955B33 /* PTTorrentStreamer.mm */; };
		922F43B21CA37F0200955B33 /* Base64.h in Headers */ = {isa = PBXBuildFile; fileRef = 922F43AC1CA37F0200955B33 /* Base64.h */; };
		922F43B31CA37F0200955B33 /* Base64.m in Sources */ = {isa = PBXBuildFile; fileRef = 922F43AD1CA37F0200955B33 /* Base64.m */; };
		922F43B41CA37F0200955B33 /* CocoaSecurity.h in Headers */ = {isa = PBXBuildFile; fileRef = 922F43AE1CA37F0200955B33 /* CocoaSecurity.h */; };
		922F43B51CA37F0200955B33 /* CocoaSecurity.m in Sources */ = {isa = PBXBuildFile; fileRef = 922F43AF1CA37F0200955B33 /* CocoaSecurity.m */; };
/* End PBXBuildFile section */

/* Begin PBXContainerItemProxy section */
		922F433E1CA37CF800955B33 /* PBXContainerItemProxy */ = {
			isa = PBXContainerItemProxy;
			containerPortal = 922F43291CA37CF800955B33 /* Project object */;
			proxyType = 1;
			remoteGlobalIDString = 922F43311CA37CF800955B33;
			remoteInfo = PopcornTorrent;
		};
		922F43561CA37E4B00955B33 /* PBXContainerItemProxy */ = {
			isa = PBXContainerItemProxy;
			containerPortal = 922F43521CA37E4B00955B33 /* boost_filesystem.xcodeproj */;
			proxyType = 2;
			remoteGlobalIDString = 577CF12B1BEA117600AA21D6;
			remoteInfo = boost_filesystem;
		};
		922F43631CA37E6000955B33 /* PBXContainerItemProxy */ = {
			isa = PBXContainerItemProxy;
			containerPortal = 922F435F1CA37E6000955B33 /* boost_system.xcodeproj */;
			proxyType = 2;
			remoteGlobalIDString = 577CF1161BEA114900AA21D6;
			remoteInfo = boost_system;
		};
		922F436A1CA37E6800955B33 /* PBXContainerItemProxy */ = {
			isa = PBXContainerItemProxy;
			containerPortal = 922F43661CA37E6800955B33 /* torrent.xcodeproj */;
			proxyType = 2;
			remoteGlobalIDString = 577CF1401BEA11C400AA21D6;
			remoteInfo = torrent;
		};
/* End PBXContainerItemProxy section */

/* Begin PBXFileReference section */
		922F43321CA37CF800955B33 /* PopcornTorrent.framework */ = {isa = PBXFileReference; explicitFileType = wrapper.framework; includeInIndex = 0; path = PopcornTorrent.framework; sourceTree = BUILT_PRODUCTS_DIR; };
		922F43351CA37CF800955B33 /* PopcornTorrent.h */ = {isa = PBXFileReference; lastKnownFileType = sourcecode.c.h; path = PopcornTorrent.h; sourceTree = "<group>"; };
		922F43371CA37CF800955B33 /* Info.plist */ = {isa = PBXFileReference; lastKnownFileType = text.plist.xml; path = Info.plist; sourceTree = "<group>"; };
		922F433C1CA37CF800955B33 /* PopcornTorrentTests.xctest */ = {isa = PBXFileReference; explicitFileType = wrapper.cfbundle; includeInIndex = 0; path = PopcornTorrentTests.xctest; sourceTree = BUILT_PRODUCTS_DIR; };
		922F43411CA37CF800955B33 /* PopcornTorrentTests.m */ = {isa = PBXFileReference; lastKnownFileType = sourcecode.c.objc; path = PopcornTorrentTests.m; sourceTree = "<group>"; };
		922F43431CA37CF800955B33 /* Info.plist */ = {isa = PBXFileReference; lastKnownFileType = text.plist.xml; path = Info.plist; sourceTree = "<group>"; };
		922F43521CA37E4B00955B33 /* boost_filesystem.xcodeproj */ = {isa = PBXFileReference; lastKnownFileType = "wrapper.pb-project"; name = boost_filesystem.xcodeproj; path = libtorrent/boost_filesystem/boost_filesystem.xcodeproj; sourceTree = "<group>"; };
		922F435F1CA37E6000955B33 /* boost_system.xcodeproj */ = {isa = PBXFileReference; lastKnownFileType = "wrapper.pb-project"; name = boost_system.xcodeproj; path = libtorrent/boost_system/boost_system.xcodeproj; sourceTree = "<group>"; };
		922F43661CA37E6800955B33 /* torrent.xcodeproj */ = {isa = PBXFileReference; lastKnownFileType = "wrapper.pb-project"; name = torrent.xcodeproj; path = libtorrent/torrent/torrent.xcodeproj; sourceTree = "<group>"; };
		922F436F1CA37EA100955B33 /* Common.xcconfig */ = {isa = PBXFileReference; fileEncoding = 4; lastKnownFileType = text.xcconfig; path = Common.xcconfig; sourceTree = "<group>"; };
		922F43711CA37EA100955B33 /* Debug.xcconfig */ = {isa = PBXFileReference; fileEncoding = 4; lastKnownFileType = text.xcconfig; path = Debug.xcconfig; sourceTree = "<group>"; };
		922F43721CA37EA100955B33 /* Profile.xcconfig */ = {isa = PBXFileReference; fileEncoding = 4; lastKnownFileType = text.xcconfig; path = Profile.xcconfig; sourceTree = "<group>"; };
		922F43731CA37EA100955B33 /* Release.xcconfig */ = {isa = PBXFileReference; fileEncoding = 4; lastKnownFileType = text.xcconfig; path = Release.xcconfig; sourceTree = "<group>"; };
		922F43741CA37EA100955B33 /* Test.xcconfig */ = {isa = PBXFileReference; fileEncoding = 4; lastKnownFileType = text.xcconfig; path = Test.xcconfig; sourceTree = "<group>"; };
		922F43761CA37EA100955B33 /* Application.xcconfig */ = {isa = PBXFileReference; fileEncoding = 4; lastKnownFileType = text.xcconfig; path = Application.xcconfig; sourceTree = "<group>"; };
		922F43771CA37EA100955B33 /* Framework.xcconfig */ = {isa = PBXFileReference; fileEncoding = 4; lastKnownFileType = text.xcconfig; path = Framework.xcconfig; sourceTree = "<group>"; };
		922F43781CA37EA100955B33 /* StaticLibrary.xcconfig */ = {isa = PBXFileReference; fileEncoding = 4; lastKnownFileType = text.xcconfig; path = StaticLibrary.xcconfig; sourceTree = "<group>"; };
		922F437A1CA37EA100955B33 /* iOS-Application.xcconfig */ = {isa = PBXFileReference; fileEncoding = 4; lastKnownFileType = text.xcconfig; path = "iOS-Application.xcconfig"; sourceTree = "<group>"; };
		922F437B1CA37EA100955B33 /* iOS-Base.xcconfig */ = {isa = PBXFileReference; fileEncoding = 4; lastKnownFileType = text.xcconfig; path = "iOS-Base.xcconfig"; sourceTree = "<group>"; };
		922F437C1CA37EA100955B33 /* iOS-Framework.xcconfig */ = {isa = PBXFileReference; fileEncoding = 4; lastKnownFileType = text.xcconfig; path = "iOS-Framework.xcconfig"; sourceTree = "<group>"; };
		922F437D1CA37EA100955B33 /* iOS-StaticLibrary.xcconfig */ = {isa = PBXFileReference; fileEncoding = 4; lastKnownFileType = text.xcconfig; path = "iOS-StaticLibrary.xcconfig"; sourceTree = "<group>"; };
		922F437F1CA37EA100955B33 /* Mac-Application.xcconfig */ = {isa = PBXFileReference; fileEncoding = 4; lastKnownFileType = text.xcconfig; path = "Mac-Application.xcconfig"; sourceTree = "<group>"; };
		922F43801CA37EA100955B33 /* Mac-Base.xcconfig */ = {isa = PBXFileReference; fileEncoding = 4; lastKnownFileType = text.xcconfig; path = "Mac-Base.xcconfig"; sourceTree = "<group>"; };
		922F43811CA37EA100955B33 /* Mac-DynamicLibrary.xcconfig */ = {isa = PBXFileReference; fileEncoding = 4; lastKnownFileType = text.xcconfig; path = "Mac-DynamicLibrary.xcconfig"; sourceTree = "<group>"; };
		922F43821CA37EA100955B33 /* Mac-Framework.xcconfig */ = {isa = PBXFileReference; fileEncoding = 4; lastKnownFileType = text.xcconfig; path = "Mac-Framework.xcconfig"; sourceTree = "<group>"; };
		922F43831CA37EA100955B33 /* Mac-StaticLibrary.xcconfig */ = {isa = PBXFileReference; fileEncoding = 4; lastKnownFileType = text.xcconfig; path = "Mac-StaticLibrary.xcconfig"; sourceTree = "<group>"; };
		922F43851CA37EA100955B33 /* tvOS-Application.xcconfig */ = {isa = PBXFileReference; fileEncoding = 4; lastKnownFileType = text.xcconfig; path = "tvOS-Application.xcconfig"; sourceTree = "<group>"; };
		922F43861CA37EA100955B33 /* tvOS-Base.xcconfig */ = {isa = PBXFileReference; fileEncoding = 4; lastKnownFileType = text.xcconfig; path = "tvOS-Base.xcconfig"; sourceTree = "<group>"; };
		922F43871CA37EA100955B33 /* tvOS-Framework.xcconfig */ = {isa = PBXFileReference; fileEncoding = 4; lastKnownFileType = text.xcconfig; path = "tvOS-Framework.xcconfig"; sourceTree = "<group>"; };
		922F43881CA37EA100955B33 /* tvOS-StaticLibrary.xcconfig */ = {isa = PBXFileReference; fileEncoding = 4; lastKnownFileType = text.xcconfig; path = "tvOS-StaticLibrary.xcconfig"; sourceTree = "<group>"; };
		922F438A1CA37EA100955B33 /* watchOS-Application.xcconfig */ = {isa = PBXFileReference; fileEncoding = 4; lastKnownFileType = text.xcconfig; path = "watchOS-Application.xcconfig"; sourceTree = "<group>"; };
		922F438B1CA37EA100955B33 /* watchOS-Base.xcconfig */ = {isa = PBXFileReference; fileEncoding = 4; lastKnownFileType = text.xcconfig; path = "watchOS-Base.xcconfig"; sourceTree = "<group>"; };
		922F438C1CA37EA100955B33 /* watchOS-Framework.xcconfig */ = {isa = PBXFileReference; fileEncoding = 4; lastKnownFileType = text.xcconfig; path = "watchOS-Framework.xcconfig"; sourceTree = "<group>"; };
		922F438D1CA37EA100955B33 /* watchOS-StaticLibrary.xcconfig */ = {isa = PBXFileReference; fileEncoding = 4; lastKnownFileType = text.xcconfig; path = "watchOS-StaticLibrary.xcconfig"; sourceTree = "<group>"; };
		922F43A91CA37F0200955B33 /* PTTorrentStreamer.h */ = {isa = PBXFileReference; fileEncoding = 4; lastKnownFileType = sourcecode.c.h; path = PTTorrentStreamer.h; sourceTree = "<group>"; };
		922F43AA1CA37F0200955B33 /* PTTorrentStreamer.mm */ = {isa = PBXFileReference; fileEncoding = 4; lastKnownFileType = sourcecode.cpp.objcpp; path = PTTorrentStreamer.mm; sourceTree = "<group>"; };
		922F43AC1CA37F0200955B33 /* Base64.h */ = {isa = PBXFileReference; fileEncoding = 4; lastKnownFileType = sourcecode.c.h; path = Base64.h; sourceTree = "<group>"; };
		922F43AD1CA37F0200955B33 /* Base64.m */ = {isa = PBXFileReference; fileEncoding = 4; lastKnownFileType = sourcecode.c.objc; path = Base64.m; sourceTree = "<group>"; };
		922F43AE1CA37F0200955B33 /* CocoaSecurity.h */ = {isa = PBXFileReference; fileEncoding = 4; lastKnownFileType = sourcecode.c.h; path = CocoaSecurity.h; sourceTree = "<group>"; };
		922F43AF1CA37F0200955B33 /* CocoaSecurity.m */ = {isa = PBXFileReference; fileEncoding = 4; lastKnownFileType = sourcecode.c.objc; path = CocoaSecurity.m; sourceTree = "<group>"; };
/* End PBXFileReference section */

/* Begin PBXFrameworksBuildPhase section */
		922F432E1CA37CF800955B33 /* Frameworks */ = {
			isa = PBXFrameworksBuildPhase;
			buildActionMask = 2147483647;
			files = (
				922F436C1CA37E6D00955B33 /* libtorrent.a in Frameworks */,
				922F43651CA37E6400955B33 /* libboost_system.a in Frameworks */,
				922F43581CA37E5100955B33 /* libboost_filesystem.a in Frameworks */,
			);
			runOnlyForDeploymentPostprocessing = 0;
		};
		922F43391CA37CF800955B33 /* Frameworks */ = {
			isa = PBXFrameworksBuildPhase;
			buildActionMask = 2147483647;
			files = (
				922F433D1CA37CF800955B33 /* PopcornTorrent.framework in Frameworks */,
			);
			runOnlyForDeploymentPostprocessing = 0;
		};
/* End PBXFrameworksBuildPhase section */

/* Begin PBXGroup section */
		922F43281CA37CF800955B33 = {
			isa = PBXGroup;
			children = (
				922F436D1CA37EA100955B33 /* Config */,
				922F43341CA37CF800955B33 /* PopcornTorrent */,
				922F43401CA37CF800955B33 /* PopcornTorrentTests */,
				922F43331CA37CF800955B33 /* Products */,
			);
			sourceTree = "<group>";
		};
		922F43331CA37CF800955B33 /* Products */ = {
			isa = PBXGroup;
			children = (
				922F43321CA37CF800955B33 /* PopcornTorrent.framework */,
				922F433C1CA37CF800955B33 /* PopcornTorrentTests.xctest */,
			);
			name = Products;
			sourceTree = "<group>";
		};
		922F43341CA37CF800955B33 /* PopcornTorrent */ = {
			isa = PBXGroup;
			children = (
				922F43521CA37E4B00955B33 /* boost_filesystem.xcodeproj */,
				922F435F1CA37E6000955B33 /* boost_system.xcodeproj */,
				922F43661CA37E6800955B33 /* torrent.xcodeproj */,
				922F43A71CA37F0200955B33 /* Source */,
				922F43351CA37CF800955B33 /* PopcornTorrent.h */,
				922F43371CA37CF800955B33 /* Info.plist */,
			);
			path = PopcornTorrent;
			sourceTree = "<group>";
		};
		922F43401CA37CF800955B33 /* PopcornTorrentTests */ = {
			isa = PBXGroup;
			children = (
				922F43411CA37CF800955B33 /* PopcornTorrentTests.m */,
				922F43431CA37CF800955B33 /* Info.plist */,
			);
			path = PopcornTorrentTests;
			sourceTree = "<group>";
		};
		922F43531CA37E4B00955B33 /* Products */ = {
			isa = PBXGroup;
			children = (
				922F43571CA37E4B00955B33 /* libboost_filesystem.a */,
			);
			name = Products;
			sourceTree = "<group>";
		};
		922F43601CA37E6000955B33 /* Products */ = {
			isa = PBXGroup;
			children = (
				922F43641CA37E6000955B33 /* libboost_system.a */,
			);
			name = Products;
			sourceTree = "<group>";
		};
		922F43671CA37E6800955B33 /* Products */ = {
			isa = PBXGroup;
			children = (
				922F436B1CA37E6800955B33 /* libtorrent.a */,
			);
			name = Products;
			sourceTree = "<group>";
		};
		922F436D1CA37EA100955B33 /* Config */ = {
			isa = PBXGroup;
			children = (
				922F436E1CA37EA100955B33 /* Base */,
				922F43791CA37EA100955B33 /* iOS */,
				922F437E1CA37EA100955B33 /* Mac OS X */,
				922F43841CA37EA100955B33 /* tvOS */,
				922F43891CA37EA100955B33 /* watchOS */,
			);
			name = Config;
			path = ../PopcornTime/Config;
			sourceTree = "<group>";
		};
		922F436E1CA37EA100955B33 /* Base */ = {
			isa = PBXGroup;
			children = (
				922F436F1CA37EA100955B33 /* Common.xcconfig */,
				922F43701CA37EA100955B33 /* Configurations */,
				922F43751CA37EA100955B33 /* Targets */,
			);
			path = Base;
			sourceTree = "<group>";
		};
		922F43701CA37EA100955B33 /* Configurations */ = {
			isa = PBXGroup;
			children = (
				922F43711CA37EA100955B33 /* Debug.xcconfig */,
				922F43721CA37EA100955B33 /* Profile.xcconfig */,
				922F43731CA37EA100955B33 /* Release.xcconfig */,
				922F43741CA37EA100955B33 /* Test.xcconfig */,
			);
			path = Configurations;
			sourceTree = "<group>";
		};
		922F43751CA37EA100955B33 /* Targets */ = {
			isa = PBXGroup;
			children = (
				922F43761CA37EA100955B33 /* Application.xcconfig */,
				922F43771CA37EA100955B33 /* Framework.xcconfig */,
				922F43781CA37EA100955B33 /* StaticLibrary.xcconfig */,
			);
			path = Targets;
			sourceTree = "<group>";
		};
		922F43791CA37EA100955B33 /* iOS */ = {
			isa = PBXGroup;
			children = (
				922F437A1CA37EA100955B33 /* iOS-Application.xcconfig */,
				922F437B1CA37EA100955B33 /* iOS-Base.xcconfig */,
				922F437C1CA37EA100955B33 /* iOS-Framework.xcconfig */,
				922F437D1CA37EA100955B33 /* iOS-StaticLibrary.xcconfig */,
			);
			path = iOS;
			sourceTree = "<group>";
		};
		922F437E1CA37EA100955B33 /* Mac OS X */ = {
			isa = PBXGroup;
			children = (
				922F437F1CA37EA100955B33 /* Mac-Application.xcconfig */,
				922F43801CA37EA100955B33 /* Mac-Base.xcconfig */,
				922F43811CA37EA100955B33 /* Mac-DynamicLibrary.xcconfig */,
				922F43821CA37EA100955B33 /* Mac-Framework.xcconfig */,
				922F43831CA37EA100955B33 /* Mac-StaticLibrary.xcconfig */,
			);
			path = "Mac OS X";
			sourceTree = "<group>";
		};
		922F43841CA37EA100955B33 /* tvOS */ = {
			isa = PBXGroup;
			children = (
				922F43851CA37EA100955B33 /* tvOS-Application.xcconfig */,
				922F43861CA37EA100955B33 /* tvOS-Base.xcconfig */,
				922F43871CA37EA100955B33 /* tvOS-Framework.xcconfig */,
				922F43881CA37EA100955B33 /* tvOS-StaticLibrary.xcconfig */,
			);
			path = tvOS;
			sourceTree = "<group>";
		};
		922F43891CA37EA100955B33 /* watchOS */ = {
			isa = PBXGroup;
			children = (
				922F438A1CA37EA100955B33 /* watchOS-Application.xcconfig */,
				922F438B1CA37EA100955B33 /* watchOS-Base.xcconfig */,
				922F438C1CA37EA100955B33 /* watchOS-Framework.xcconfig */,
				922F438D1CA37EA100955B33 /* watchOS-StaticLibrary.xcconfig */,
			);
			path = watchOS;
			sourceTree = "<group>";
		};
		922F43A71CA37F0200955B33 /* Source */ = {
			isa = PBXGroup;
			children = (
				922F43A81CA37F0200955B33 /* Client */,
				922F43AB1CA37F0200955B33 /* Security */,
			);
			path = Source;
			sourceTree = "<group>";
		};
		922F43A81CA37F0200955B33 /* Client */ = {
			isa = PBXGroup;
			children = (
				922F43A91CA37F0200955B33 /* PTTorrentStreamer.h */,
				922F43AA1CA37F0200955B33 /* PTTorrentStreamer.mm */,
			);
			path = Client;
			sourceTree = "<group>";
		};
		922F43AB1CA37F0200955B33 /* Security */ = {
			isa = PBXGroup;
			children = (
				922F43AC1CA37F0200955B33 /* Base64.h */,
				922F43AD1CA37F0200955B33 /* Base64.m */,
				922F43AE1CA37F0200955B33 /* CocoaSecurity.h */,
				922F43AF1CA37F0200955B33 /* CocoaSecurity.m */,
			);
			path = Security;
			sourceTree = "<group>";
		};
/* End PBXGroup section */

/* Begin PBXHeadersBuildPhase section */
		922F432F1CA37CF800955B33 /* Headers */ = {
			isa = PBXHeadersBuildPhase;
			buildActionMask = 2147483647;
			files = (
				922F43B21CA37F0200955B33 /* Base64.h in Headers */,
				922F43B01CA37F0200955B33 /* PTTorrentStreamer.h in Headers */,
				922F43B41CA37F0200955B33 /* CocoaSecurity.h in Headers */,
				922F43361CA37CF800955B33 /* PopcornTorrent.h in Headers */,
			);
			runOnlyForDeploymentPostprocessing = 0;
		};
/* End PBXHeadersBuildPhase section */

/* Begin PBXNativeTarget section */
		922F43311CA37CF800955B33 /* PopcornTorrent */ = {
			isa = PBXNativeTarget;
			buildConfigurationList = 922F43461CA37CF800955B33 /* Build configuration list for PBXNativeTarget "PopcornTorrent" */;
			buildPhases = (
				922F432D1CA37CF800955B33 /* Sources */,
				922F432E1CA37CF800955B33 /* Frameworks */,
				922F432F1CA37CF800955B33 /* Headers */,
				922F43301CA37CF800955B33 /* Resources */,
			);
			buildRules = (
			);
			dependencies = (
			);
			name = PopcornTorrent;
			productName = PopcornTorrent;
			productReference = 922F43321CA37CF800955B33 /* PopcornTorrent.framework */;
			productType = "com.apple.product-type.framework";
		};
		922F433B1CA37CF800955B33 /* PopcornTorrentTests */ = {
			isa = PBXNativeTarget;
			buildConfigurationList = 922F43491CA37CF800955B33 /* Build configuration list for PBXNativeTarget "PopcornTorrentTests" */;
			buildPhases = (
				922F43381CA37CF800955B33 /* Sources */,
				922F43391CA37CF800955B33 /* Frameworks */,
				922F433A1CA37CF800955B33 /* Resources */,
			);
			buildRules = (
			);
			dependencies = (
				922F433F1CA37CF800955B33 /* PBXTargetDependency */,
			);
			name = PopcornTorrentTests;
			productName = PopcornTorrentTests;
			productReference = 922F433C1CA37CF800955B33 /* PopcornTorrentTests.xctest */;
			productType = "com.apple.product-type.bundle.unit-test";
		};
/* End PBXNativeTarget section */

/* Begin PBXProject section */
		922F43291CA37CF800955B33 /* Project object */ = {
			isa = PBXProject;
			attributes = {
				LastUpgradeCheck = 0730;
				ORGANIZATIONNAME = PopcornTime;
				TargetAttributes = {
					922F43311CA37CF800955B33 = {
						CreatedOnToolsVersion = 7.3;
					};
					922F433B1CA37CF800955B33 = {
						CreatedOnToolsVersion = 7.3;
					};
				};
			};
			buildConfigurationList = 922F432C1CA37CF800955B33 /* Build configuration list for PBXProject "PopcornTorrent" */;
			compatibilityVersion = "Xcode 3.2";
			developmentRegion = English;
			hasScannedForEncodings = 0;
			knownRegions = (
				en,
			);
			mainGroup = 922F43281CA37CF800955B33;
			productRefGroup = 922F43331CA37CF800955B33 /* Products */;
			projectDirPath = "";
			projectReferences = (
				{
					ProductGroup = 922F43531CA37E4B00955B33 /* Products */;
					ProjectRef = 922F43521CA37E4B00955B33 /* boost_filesystem.xcodeproj */;
				},
				{
					ProductGroup = 922F43601CA37E6000955B33 /* Products */;
					ProjectRef = 922F435F1CA37E6000955B33 /* boost_system.xcodeproj */;
				},
				{
					ProductGroup = 922F43671CA37E6800955B33 /* Products */;
					ProjectRef = 922F43661CA37E6800955B33 /* torrent.xcodeproj */;
				},
			);
			projectRoot = "";
			targets = (
				922F43311CA37CF800955B33 /* PopcornTorrent */,
				922F433B1CA37CF800955B33 /* PopcornTorrentTests */,
			);
		};
/* End PBXProject section */

/* Begin PBXReferenceProxy section */
		922F43571CA37E4B00955B33 /* libboost_filesystem.a */ = {
			isa = PBXReferenceProxy;
			fileType = archive.ar;
			path = libboost_filesystem.a;
			remoteRef = 922F43561CA37E4B00955B33 /* PBXContainerItemProxy */;
			sourceTree = BUILT_PRODUCTS_DIR;
		};
		922F43641CA37E6000955B33 /* libboost_system.a */ = {
			isa = PBXReferenceProxy;
			fileType = archive.ar;
			path = libboost_system.a;
			remoteRef = 922F43631CA37E6000955B33 /* PBXContainerItemProxy */;
			sourceTree = BUILT_PRODUCTS_DIR;
		};
		922F436B1CA37E6800955B33 /* libtorrent.a */ = {
			isa = PBXReferenceProxy;
			fileType = archive.ar;
			path = libtorrent.a;
			remoteRef = 922F436A1CA37E6800955B33 /* PBXContainerItemProxy */;
			sourceTree = BUILT_PRODUCTS_DIR;
		};
/* End PBXReferenceProxy section */

/* Begin PBXResourcesBuildPhase section */
		922F43301CA37CF800955B33 /* Resources */ = {
			isa = PBXResourcesBuildPhase;
			buildActionMask = 2147483647;
			files = (
				922F43911CA37EA100955B33 /* Release.xcconfig in Resources */,
				922F439F1CA37EA100955B33 /* tvOS-Application.xcconfig in Resources */,
				922F43A41CA37EA100955B33 /* watchOS-Base.xcconfig in Resources */,
				922F439D1CA37EA100955B33 /* Mac-Framework.xcconfig in Resources */,
				922F43901CA37EA100955B33 /* Profile.xcconfig in Resources */,
				922F43991CA37EA100955B33 /* iOS-StaticLibrary.xcconfig in Resources */,
				922F43951CA37EA100955B33 /* StaticLibrary.xcconfig in Resources */,
				922F43971CA37EA100955B33 /* iOS-Base.xcconfig in Resources */,
				922F438F1CA37EA100955B33 /* Debug.xcconfig in Resources */,
				922F438E1CA37EA100955B33 /* Common.xcconfig in Resources */,
				922F43A21CA37EA100955B33 /* tvOS-StaticLibrary.xcconfig in Resources */,
				922F43941CA37EA100955B33 /* Framework.xcconfig in Resources */,
				922F43A61CA37EA100955B33 /* watchOS-StaticLibrary.xcconfig in Resources */,
				922F439A1CA37EA100955B33 /* Mac-Application.xcconfig in Resources */,
				922F439B1CA37EA100955B33 /* Mac-Base.xcconfig in Resources */,
				922F43A01CA37EA100955B33 /* tvOS-Base.xcconfig in Resources */,
				922F43921CA37EA100955B33 /* Test.xcconfig in Resources */,
				922F439E1CA37EA100955B33 /* Mac-StaticLibrary.xcconfig in Resources */,
				922F43931CA37EA100955B33 /* Application.xcconfig in Resources */,
				922F439C1CA37EA100955B33 /* Mac-DynamicLibrary.xcconfig in Resources */,
				922F43A11CA37EA100955B33 /* tvOS-Framework.xcconfig in Resources */,
				922F43A31CA37EA100955B33 /* watchOS-Application.xcconfig in Resources */,
				922F43A51CA37EA100955B33 /* watchOS-Framework.xcconfig in Resources */,
				922F43981CA37EA100955B33 /* iOS-Framework.xcconfig in Resources */,
				922F43961CA37EA100955B33 /* iOS-Application.xcconfig in Resources */,
			);
			runOnlyForDeploymentPostprocessing = 0;
		};
		922F433A1CA37CF800955B33 /* Resources */ = {
			isa = PBXResourcesBuildPhase;
			buildActionMask = 2147483647;
			files = (
			);
			runOnlyForDeploymentPostprocessing = 0;
		};
/* End PBXResourcesBuildPhase section */

/* Begin PBXSourcesBuildPhase section */
		922F432D1CA37CF800955B33 /* Sources */ = {
			isa = PBXSourcesBuildPhase;
			buildActionMask = 2147483647;
			files = (
				922F43B51CA37F0200955B33 /* CocoaSecurity.m in Sources */,
				922F43B31CA37F0200955B33 /* Base64.m in Sources */,
				922F43B11CA37F0200955B33 /* PTTorrentStreamer.mm in Sources */,
			);
			runOnlyForDeploymentPostprocessing = 0;
		};
		922F43381CA37CF800955B33 /* Sources */ = {
			isa = PBXSourcesBuildPhase;
			buildActionMask = 2147483647;
			files = (
				922F43421CA37CF800955B33 /* PopcornTorrentTests.m in Sources */,
			);
			runOnlyForDeploymentPostprocessing = 0;
		};
/* End PBXSourcesBuildPhase section */

/* Begin PBXTargetDependency section */
		922F433F1CA37CF800955B33 /* PBXTargetDependency */ = {
			isa = PBXTargetDependency;
			target = 922F43311CA37CF800955B33 /* PopcornTorrent */;
			targetProxy = 922F433E1CA37CF800955B33 /* PBXContainerItemProxy */;
		};
/* End PBXTargetDependency section */

/* Begin XCBuildConfiguration section */
		922F43441CA37CF800955B33 /* Debug */ = {
			isa = XCBuildConfiguration;
			buildSettings = {
				ALWAYS_SEARCH_USER_PATHS = NO;
				CLANG_ANALYZER_NONNULL = YES;
				CLANG_CXX_LANGUAGE_STANDARD = "gnu++0x";
				CLANG_CXX_LIBRARY = "libc++";
				CLANG_ENABLE_MODULES = YES;
				CLANG_ENABLE_OBJC_ARC = YES;
				CLANG_WARN_BOOL_CONVERSION = YES;
				CLANG_WARN_CONSTANT_CONVERSION = YES;
				CLANG_WARN_DIRECT_OBJC_ISA_USAGE = YES_ERROR;
				CLANG_WARN_EMPTY_BODY = YES;
				CLANG_WARN_ENUM_CONVERSION = YES;
				CLANG_WARN_INT_CONVERSION = YES;
				CLANG_WARN_OBJC_ROOT_CLASS = YES_ERROR;
				CLANG_WARN_UNREACHABLE_CODE = YES;
				CLANG_WARN__DUPLICATE_METHOD_MATCH = YES;
				COPY_PHASE_STRIP = NO;
				CURRENT_PROJECT_VERSION = 1;
				DEBUG_INFORMATION_FORMAT = dwarf;
				ENABLE_STRICT_OBJC_MSGSEND = YES;
				ENABLE_TESTABILITY = YES;
				GCC_C_LANGUAGE_STANDARD = gnu99;
				GCC_DYNAMIC_NO_PIC = NO;
				GCC_NO_COMMON_BLOCKS = YES;
				GCC_OPTIMIZATION_LEVEL = 0;
				GCC_PREPROCESSOR_DEFINITIONS = (
					"DEBUG=1",
					"$(inherited)",
				);
				GCC_WARN_64_TO_32_BIT_CONVERSION = YES;
				GCC_WARN_ABOUT_RETURN_TYPE = YES_ERROR;
				GCC_WARN_UNDECLARED_SELECTOR = YES;
				GCC_WARN_UNINITIALIZED_AUTOS = YES_AGGRESSIVE;
				GCC_WARN_UNUSED_FUNCTION = YES;
				GCC_WARN_UNUSED_VARIABLE = YES;
				MTL_ENABLE_DEBUG_INFO = YES;
				ONLY_ACTIVE_ARCH = YES;
				SDKROOT = appletvos;
				TARGETED_DEVICE_FAMILY = 3;
				TVOS_DEPLOYMENT_TARGET = 9.2;
				VERSIONING_SYSTEM = "apple-generic";
				VERSION_INFO_PREFIX = "";
			};
			name = Debug;
		};
		922F43451CA37CF800955B33 /* Release */ = {
			isa = XCBuildConfiguration;
			buildSettings = {
				ALWAYS_SEARCH_USER_PATHS = NO;
				CLANG_ANALYZER_NONNULL = YES;
				CLANG_CXX_LANGUAGE_STANDARD = "gnu++0x";
				CLANG_CXX_LIBRARY = "libc++";
				CLANG_ENABLE_MODULES = YES;
				CLANG_ENABLE_OBJC_ARC = YES;
				CLANG_WARN_BOOL_CONVERSION = YES;
				CLANG_WARN_CONSTANT_CONVERSION = YES;
				CLANG_WARN_DIRECT_OBJC_ISA_USAGE = YES_ERROR;
				CLANG_WARN_EMPTY_BODY = YES;
				CLANG_WARN_ENUM_CONVERSION = YES;
				CLANG_WARN_INT_CONVERSION = YES;
				CLANG_WARN_OBJC_ROOT_CLASS = YES_ERROR;
				CLANG_WARN_UNREACHABLE_CODE = YES;
				CLANG_WARN__DUPLICATE_METHOD_MATCH = YES;
				COPY_PHASE_STRIP = NO;
				CURRENT_PROJECT_VERSION = 1;
				DEBUG_INFORMATION_FORMAT = "dwarf-with-dsym";
				ENABLE_NS_ASSERTIONS = NO;
				ENABLE_STRICT_OBJC_MSGSEND = YES;
				GCC_C_LANGUAGE_STANDARD = gnu99;
				GCC_NO_COMMON_BLOCKS = YES;
				GCC_WARN_64_TO_32_BIT_CONVERSION = YES;
				GCC_WARN_ABOUT_RETURN_TYPE = YES_ERROR;
				GCC_WARN_UNDECLARED_SELECTOR = YES;
				GCC_WARN_UNINITIALIZED_AUTOS = YES_AGGRESSIVE;
				GCC_WARN_UNUSED_FUNCTION = YES;
				GCC_WARN_UNUSED_VARIABLE = YES;
				MTL_ENABLE_DEBUG_INFO = NO;
				SDKROOT = appletvos;
				TARGETED_DEVICE_FAMILY = 3;
				TVOS_DEPLOYMENT_TARGET = 9.2;
				VALIDATE_PRODUCT = YES;
				VERSIONING_SYSTEM = "apple-generic";
				VERSION_INFO_PREFIX = "";
			};
			name = Release;
		};
		922F43471CA37CF800955B33 /* Debug */ = {
			isa = XCBuildConfiguration;
			buildSettings = {
				DEFINES_MODULE = YES;
				DYLIB_COMPATIBILITY_VERSION = 1;
				DYLIB_CURRENT_VERSION = 1;
				DYLIB_INSTALL_NAME_BASE = "@rpath";
				HEADER_SEARCH_PATHS = "${SRCROOT}/PopcornTorrent/include";
				INFOPLIST_FILE = PopcornTorrent/Info.plist;
				INSTALL_PATH = "$(LOCAL_LIBRARY_DIR)/Frameworks";
				LD_RUNPATH_SEARCH_PATHS = "$(inherited) @executable_path/Frameworks @loader_path/Frameworks";
				PRODUCT_BUNDLE_IDENTIFIER = com.popcorntime.PopcornTorrent;
				PRODUCT_NAME = "$(TARGET_NAME)";
				SKIP_INSTALL = YES;
			};
			name = Debug;
		};
		922F43481CA37CF800955B33 /* Release */ = {
			isa = XCBuildConfiguration;
			buildSettings = {
				DEFINES_MODULE = YES;
				DYLIB_COMPATIBILITY_VERSION = 1;
				DYLIB_CURRENT_VERSION = 1;
				DYLIB_INSTALL_NAME_BASE = "@rpath";
				HEADER_SEARCH_PATHS = "${SRCROOT}/PopcornTorrent/include";
				INFOPLIST_FILE = PopcornTorrent/Info.plist;
				INSTALL_PATH = "$(LOCAL_LIBRARY_DIR)/Frameworks";
				LD_RUNPATH_SEARCH_PATHS = "$(inherited) @executable_path/Frameworks @loader_path/Frameworks";
				PRODUCT_BUNDLE_IDENTIFIER = com.popcorntime.PopcornTorrent;
				PRODUCT_NAME = "$(TARGET_NAME)";
				SKIP_INSTALL = YES;
			};
			name = Release;
		};
		922F434A1CA37CF800955B33 /* Debug */ = {
			isa = XCBuildConfiguration;
			buildSettings = {
				INFOPLIST_FILE = PopcornTorrentTests/Info.plist;
				LD_RUNPATH_SEARCH_PATHS = "$(inherited) @executable_path/Frameworks @loader_path/Frameworks";
				PRODUCT_BUNDLE_IDENTIFIER = com.popcorntime.PopcornTorrentTests;
				PRODUCT_NAME = "$(TARGET_NAME)";
			};
			name = Debug;
		};
		922F434B1CA37CF800955B33 /* Release */ = {
			isa = XCBuildConfiguration;
			buildSettings = {
				INFOPLIST_FILE = PopcornTorrentTests/Info.plist;
				LD_RUNPATH_SEARCH_PATHS = "$(inherited) @executable_path/Frameworks @loader_path/Frameworks";
				PRODUCT_BUNDLE_IDENTIFIER = com.popcorntime.PopcornTorrentTests;
				PRODUCT_NAME = "$(TARGET_NAME)";
			};
			name = Release;
		};
/* End XCBuildConfiguration section */

/* Begin XCConfigurationList section */
		922F432C1CA37CF800955B33 /* Build configuration list for PBXProject "PopcornTorrent" */ = {
			isa = XCConfigurationList;
			buildConfigurations = (
				922F43441CA37CF800955B33 /* Debug */,
				922F43451CA37CF800955B33 /* Release */,
			);
			defaultConfigurationIsVisible = 0;
			defaultConfigurationName = Release;
		};
		922F43461CA37CF800955B33 /* Build configuration list for PBXNativeTarget "PopcornTorrent" */ = {
			isa = XCConfigurationList;
			buildConfigurations = (
				922F43471CA37CF800955B33 /* Debug */,
				922F43481CA37CF800955B33 /* Release */,
			);
			defaultConfigurationIsVisible = 0;
			defaultConfigurationName = Release;
		};
		922F43491CA37CF800955B33 /* Build configuration list for PBXNativeTarget "PopcornTorrentTests" */ = {
			isa = XCConfigurationList;
			buildConfigurations = (
				922F434A1CA37CF800955B33 /* Debug */,
				922F434B1CA37CF800955B33 /* Release */,
			);
			defaultConfigurationIsVisible = 0;
			defaultConfigurationName = Release;
		};
/* End XCConfigurationList section */
	};
	rootObject = 922F43291CA37CF800955B33 /* Project object */;
}
